
Microsoft Visual Studio Solution File, Format Version 12.00
# Visual Studio Version 17
VisualStudioVersion = 17.0.32014.148
MinimumVisualStudioVersion = 10.0.40219.1
Project("{FAE04EC0-301F-11D3-BF4B-00C04F79EFBC}") = "Balloon_Math", "Balloon_Math.csproj", "{3FDEB020-1870-4F3D-B9C2-471DD649C5CE}"
EndProject
Global
	GlobalSection(SolutionConfigurationPlatforms) = preSolution
		Debug|Any CPU = Debug|Any CPU
		Release|Any CPU = Release|Any CPU
	EndGlobalSection
	GlobalSection(ProjectConfigurationPlatforms) = postSolution
		{3FDEB020-1870-4F3D-B9C2-471DD649C5CE}.Debug|Any CPU.ActiveCfg = Debug|Any CPU
		{3FDEB020-1870-4F3D-B9C2-471DD649C5CE}.Debug|Any CPU.Build.0 = Debug|Any CPU
		{3FDEB020-1870-4F3D-B9C2-471DD649C5CE}.Release|Any CPU.ActiveCfg = Release|Any CPU
		{3FDEB020-1870-4F3D-B9C2-471DD649C5CE}.Release|Any CPU.Build.0 = Release|Any CPU
	EndGlobalSection
	GlobalSection(SolutionProperties) = preSolution
		HideSolutionNode = FALSE
	EndGlobalSection
	GlobalSection(ExtensibilityGlobals) = postSolution
		SolutionGuid = {AB837429-8713-4298-9239-CEE6EEDBD364}
	EndGlobalSection
EndGlobal
